
Microsoft Visual Studio Solution File, Format Version 12.00
# Visual Studio Version 17
VisualStudioVersion = 17.14.36203.30
MinimumVisualStudioVersion = 10.0.40219.1
Project("{FAE04EC0-301F-11D3-BF4B-00C04F79EFBC}") = "ConsoleApp1", "ConsoleApp1\ConsoleApp1.csproj", "{FCAC6A08-6EE2-445F-8100-F9731237CA16}"
EndProject
Project("{2150E333-8FDC-42A3-9474-1A3956D46DE8}") = "June 16", "June 16", "{02EA681E-C7D8-13C7-8484-4AC65E1B71E8}"
EndProject
Project("{FAE04EC0-301F-11D3-BF4B-00C04F79EFBC}") = "memory variable 2", "memory variable 2\memory variable 2.csproj", "{B23D9E66-6AB1-4CFE-B807-4D302557176A}"
EndProject
Project("{FAE04EC0-301F-11D3-BF4B-00C04F79EFBC}") = "IntegerVariableMemory", "IntegerVariableMemory\IntegerVariableMemory.csproj", "{96C49E99-B9D2-4E6D-A579-4A22A6DC731D}"
EndProject
Project("{FAE04EC0-301F-11D3-BF4B-00C04F79EFBC}") = "DoubleVariableMemory", "DoubleVariableMemory\DoubleVariableMemory.csproj", "{87E497A8-B27D-4ABC-AECF-14D77C7CE729}"
EndProject
Project("{FAE04EC0-301F-11D3-BF4B-00C04F79EFBC}") = "DateVariable", "DateVariable\DateVariable.csproj", "{2583B251-6256-45DC-8642-62EFB318A4D8}"
EndProject
Project("{FAE04EC0-301F-11D3-BF4B-00C04F79EFBC}") = "BooleanDataType", "BooleanDataType\BooleanDataType.csproj", "{777B5C39-6A30-4989-AB14-F9AD04D71654}"
EndProject
Project("{FAE04EC0-301F-11D3-BF4B-00C04F79EFBC}") = "SimpleCalculator", "SimpleCalculator\SimpleCalculator.csproj", "{D87FE359-C896-4487-A17F-13E7695F6345}"
EndProject
Project("{FAE04EC0-301F-11D3-BF4B-00C04F79EFBC}") = "SimpleCalculatorIfElse", "SimpleCalculator2\SimpleCalculatorIfElse.csproj", "{F760D43E-C9FD-4ACD-A701-078872D0554D}"
EndProject
Project("{2150E333-8FDC-42A3-9474-1A3956D46DE8}") = "ASSIGNMENTS", "ASSIGNMENTS", "{69963F3E-F396-4721-9AB1-D2322DC70C75}"
EndProject
Project("{2150E333-8FDC-42A3-9474-1A3956D46DE8}") = "June 16", "June 16", "{0114E4C1-830A-4B73-B123-C2C9F5BDE83A}"
EndProject
Project("{FAE04EC0-301F-11D3-BF4B-00C04F79EFBC}") = "DoubleCalculatorPrompt", "DoubleCalculator\DoubleCalculatorPrompt.csproj", "{3A79B4CF-19BA-490D-8613-4CE7B37569A8}"
EndProject
Project("{FAE04EC0-301F-11D3-BF4B-00C04F79EFBC}") = "DoubleCalculatora", "DoubleCalculatora\DoubleCalculatora.csproj", "{04AFD444-C621-4152-92C8-C373D0795207}"
EndProject
Project("{FAE04EC0-301F-11D3-BF4B-00C04F79EFBC}") = "BooleanPrompt", "BooleanPrompt\BooleanPrompt.csproj", "{37E23247-4509-471E-A933-BB0D23496B82}"
EndProject
Project("{2150E333-8FDC-42A3-9474-1A3956D46DE8}") = "June 17", "June 17", "{3EAC3AD8-4076-4667-8536-C022CBBAEE13}"
EndProject
Project("{FAE04EC0-301F-11D3-BF4B-00C04F79EFBC}") = "WhileEg", "WhileEg\WhileEg.csproj", "{9C5AA830-3B65-402D-A98F-503EB216109A}"
EndProject
Project("{FAE04EC0-301F-11D3-BF4B-00C04F79EFBC}") = "WhileEven", "WhileEven\WhileEven.csproj", "{AD032E0D-5DDA-479D-A73A-BC9ABC7635B5}"
EndProject
Project("{FAE04EC0-301F-11D3-BF4B-00C04F79EFBC}") = "MulOf3", "MulOf3\MulOf3.csproj", "{ACE523B8-59FC-4277-9394-384D850C5596}"
EndProject
Project("{FAE04EC0-301F-11D3-BF4B-00C04F79EFBC}") = "ArrayEg", "ArrayEg\ArrayEg.csproj", "{4D672053-842E-4797-B16F-DE24420BE7F1}"
EndProject
Project("{FAE04EC0-301F-11D3-BF4B-00C04F79EFBC}") = "Array2", "Array2\Array2.csproj", "{C3009530-C1B4-4A6A-8160-DD201E0E2C24}"
EndProject
Project("{FAE04EC0-301F-11D3-BF4B-00C04F79EFBC}") = "IntArray", "IntArray\IntArray.csproj", "{92CA8886-52E1-4007-BF35-0BD1DA39BD01}"
EndProject
Project("{FAE04EC0-301F-11D3-BF4B-00C04F79EFBC}") = "GenericString", "GenericString\GenericString.csproj", "{39F0E3B7-75FF-414B-B202-4179464DC862}"
EndProject
Project("{FAE04EC0-301F-11D3-BF4B-00C04F79EFBC}") = "GenericInt", "GenericInt\GenericInt.csproj", "{E0BA9C04-18EA-4E03-B843-7502CA83D7C1}"
EndProject
Project("{FAE04EC0-301F-11D3-BF4B-00C04F79EFBC}") = "ImplicitTypeUsingVar", "ImplicitTypeUsingVar\ImplicitTypeUsingVar.csproj", "{6CACF1A2-4F6C-49FA-8194-36C77692AE35}"
EndProject
Project("{FAE04EC0-301F-11D3-BF4B-00C04F79EFBC}") = "WithoutTopLevelStatement", "WithoutTopLevelStatement\WithoutTopLevelStatement.csproj", "{3F739905-61CF-4BBF-BB27-D56EFD49951F}"
EndProject
Project("{FAE04EC0-301F-11D3-BF4B-00C04F79EFBC}") = "FunctionReturn", "FunctionReturn\FunctionReturn.csproj", "{4D03779B-349F-4697-B33A-F3B6D803B72B}"
EndProject
Project("{FAE04EC0-301F-11D3-BF4B-00C04F79EFBC}") = "MethodOverloading", "MethodOverloading\MethodOverloading.csproj", "{E38DA52C-D23D-4EF0-80DF-1CE1427D31FB}"
EndProject
Project("{FAE04EC0-301F-11D3-BF4B-00C04F79EFBC}") = "HelloClass", "HelloClass\HelloClass.csproj", "{2167A1D7-2E33-4C1E-8015-2CFAE5B2FCB6}"
EndProject
Project("{FAE04EC0-301F-11D3-BF4B-00C04F79EFBC}") = "CalculatorWithClass", "CalculatorWithClass\CalculatorWithClass.csproj", "{12878653-C1FF-4AF0-A45A-B52C33F81F4D}"
EndProject
Project("{FAE04EC0-301F-11D3-BF4B-00C04F79EFBC}") = "CalculatorWithMethod", "CalculatorWithMethod\CalculatorWithMethod.csproj", "{1BB89CC7-6E31-441B-A8E0-50DC16C419B1}"
EndProject
Project("{2150E333-8FDC-42A3-9474-1A3956D46DE8}") = "June 17", "June 17", "{BEDEACB3-BD65-47F6-B50B-5CBD8A6AD7D6}"
EndProject
Project("{FAE04EC0-301F-11D3-BF4B-00C04F79EFBC}") = "CalculatorClasss", "CalculatorClasss\CalculatorClasss.csproj", "{F1B32C13-1854-409E-B4B7-063B8E4256A1}"
EndProject
Project("{FAE04EC0-301F-11D3-BF4B-00C04F79EFBC}") = "CalculatorFunction", "CalculatorFunction\CalculatorFunction.csproj", "{D56B8238-7492-429B-9206-C6823A427368}"
EndProject
Project("{FAE04EC0-301F-11D3-BF4B-00C04F79EFBC}") = "ForWhileMultiplication", "ForWhileMultiplication\ForWhileMultiplication.csproj", "{FD8AE0E3-29E2-4303-B7E9-3A40A1ECD66A}"
EndProject
Project("{FAE04EC0-301F-11D3-BF4B-00C04F79EFBC}") = "ForWhileEven", "ForWhileEven\ForWhileEven.csproj", "{FEB57EDE-0104-498B-99D5-9716DC8268C1}"
EndProject
Project("{FAE04EC0-301F-11D3-BF4B-00C04F79EFBC}") = "ForWhileOdd", "ForWhileOdd\ForWhileOdd.csproj", "{FD474AC5-EC2A-4D62-9643-C9941CFDFA2D}"
EndProject
Global
	GlobalSection(SolutionConfigurationPlatforms) = preSolution
		Debug|Any CPU = Debug|Any CPU
		Release|Any CPU = Release|Any CPU
	EndGlobalSection
	GlobalSection(ProjectConfigurationPlatforms) = postSolution
		{FCAC6A08-6EE2-445F-8100-F9731237CA16}.Debug|Any CPU.ActiveCfg = Debug|Any CPU
		{FCAC6A08-6EE2-445F-8100-F9731237CA16}.Debug|Any CPU.Build.0 = Debug|Any CPU
		{FCAC6A08-6EE2-445F-8100-F9731237CA16}.Release|Any CPU.ActiveCfg = Release|Any CPU
		{FCAC6A08-6EE2-445F-8100-F9731237CA16}.Release|Any CPU.Build.0 = Release|Any CPU
		{B23D9E66-6AB1-4CFE-B807-4D302557176A}.Debug|Any CPU.ActiveCfg = Debug|Any CPU
		{B23D9E66-6AB1-4CFE-B807-4D302557176A}.Debug|Any CPU.Build.0 = Debug|Any CPU
		{B23D9E66-6AB1-4CFE-B807-4D302557176A}.Release|Any CPU.ActiveCfg = Release|Any CPU
		{B23D9E66-6AB1-4CFE-B807-4D302557176A}.Release|Any CPU.Build.0 = Release|Any CPU
		{96C49E99-B9D2-4E6D-A579-4A22A6DC731D}.Debug|Any CPU.ActiveCfg = Debug|Any CPU
		{96C49E99-B9D2-4E6D-A579-4A22A6DC731D}.Debug|Any CPU.Build.0 = Debug|Any CPU
		{96C49E99-B9D2-4E6D-A579-4A22A6DC731D}.Release|Any CPU.ActiveCfg = Release|Any CPU
		{96C49E99-B9D2-4E6D-A579-4A22A6DC731D}.Release|Any CPU.Build.0 = Release|Any CPU
		{87E497A8-B27D-4ABC-AECF-14D77C7CE729}.Debug|Any CPU.ActiveCfg = Debug|Any CPU
		{87E497A8-B27D-4ABC-AECF-14D77C7CE729}.Debug|Any CPU.Build.0 = Debug|Any CPU
		{87E497A8-B27D-4ABC-AECF-14D77C7CE729}.Release|Any CPU.ActiveCfg = Release|Any CPU
		{87E497A8-B27D-4ABC-AECF-14D77C7CE729}.Release|Any CPU.Build.0 = Release|Any CPU
		{2583B251-6256-45DC-8642-62EFB318A4D8}.Debug|Any CPU.ActiveCfg = Debug|Any CPU
		{2583B251-6256-45DC-8642-62EFB318A4D8}.Debug|Any CPU.Build.0 = Debug|Any CPU
		{2583B251-6256-45DC-8642-62EFB318A4D8}.Release|Any CPU.ActiveCfg = Release|Any CPU
		{2583B251-6256-45DC-8642-62EFB318A4D8}.Release|Any CPU.Build.0 = Release|Any CPU
		{777B5C39-6A30-4989-AB14-F9AD04D71654}.Debug|Any CPU.ActiveCfg = Debug|Any CPU
		{777B5C39-6A30-4989-AB14-F9AD04D71654}.Debug|Any CPU.Build.0 = Debug|Any CPU
		{777B5C39-6A30-4989-AB14-F9AD04D71654}.Release|Any CPU.ActiveCfg = Release|Any CPU
		{777B5C39-6A30-4989-AB14-F9AD04D71654}.Release|Any CPU.Build.0 = Release|Any CPU
		{D87FE359-C896-4487-A17F-13E7695F6345}.Debug|Any CPU.ActiveCfg = Debug|Any CPU
		{D87FE359-C896-4487-A17F-13E7695F6345}.Debug|Any CPU.Build.0 = Debug|Any CPU
		{D87FE359-C896-4487-A17F-13E7695F6345}.Release|Any CPU.ActiveCfg = Release|Any CPU
		{D87FE359-C896-4487-A17F-13E7695F6345}.Release|Any CPU.Build.0 = Release|Any CPU
		{F760D43E-C9FD-4ACD-A701-078872D0554D}.Debug|Any CPU.ActiveCfg = Debug|Any CPU
		{F760D43E-C9FD-4ACD-A701-078872D0554D}.Debug|Any CPU.Build.0 = Debug|Any CPU
		{F760D43E-C9FD-4ACD-A701-078872D0554D}.Release|Any CPU.ActiveCfg = Release|Any CPU
		{F760D43E-C9FD-4ACD-A701-078872D0554D}.Release|Any CPU.Build.0 = Release|Any CPU
		{3A79B4CF-19BA-490D-8613-4CE7B37569A8}.Debug|Any CPU.ActiveCfg = Debug|Any CPU
		{3A79B4CF-19BA-490D-8613-4CE7B37569A8}.Debug|Any CPU.Build.0 = Debug|Any CPU
		{3A79B4CF-19BA-490D-8613-4CE7B37569A8}.Release|Any CPU.ActiveCfg = Release|Any CPU
		{3A79B4CF-19BA-490D-8613-4CE7B37569A8}.Release|Any CPU.Build.0 = Release|Any CPU
		{04AFD444-C621-4152-92C8-C373D0795207}.Debug|Any CPU.ActiveCfg = Debug|Any CPU
		{04AFD444-C621-4152-92C8-C373D0795207}.Debug|Any CPU.Build.0 = Debug|Any CPU
		{04AFD444-C621-4152-92C8-C373D0795207}.Release|Any CPU.ActiveCfg = Release|Any CPU
		{04AFD444-C621-4152-92C8-C373D0795207}.Release|Any CPU.Build.0 = Release|Any CPU
		{37E23247-4509-471E-A933-BB0D23496B82}.Debug|Any CPU.ActiveCfg = Debug|Any CPU
		{37E23247-4509-471E-A933-BB0D23496B82}.Debug|Any CPU.Build.0 = Debug|Any CPU
		{37E23247-4509-471E-A933-BB0D23496B82}.Release|Any CPU.ActiveCfg = Release|Any CPU
		{37E23247-4509-471E-A933-BB0D23496B82}.Release|Any CPU.Build.0 = Release|Any CPU
		{9C5AA830-3B65-402D-A98F-503EB216109A}.Debug|Any CPU.ActiveCfg = Debug|Any CPU
		{9C5AA830-3B65-402D-A98F-503EB216109A}.Debug|Any CPU.Build.0 = Debug|Any CPU
		{9C5AA830-3B65-402D-A98F-503EB216109A}.Release|Any CPU.ActiveCfg = Release|Any CPU
		{9C5AA830-3B65-402D-A98F-503EB216109A}.Release|Any CPU.Build.0 = Release|Any CPU
		{AD032E0D-5DDA-479D-A73A-BC9ABC7635B5}.Debug|Any CPU.ActiveCfg = Debug|Any CPU
		{AD032E0D-5DDA-479D-A73A-BC9ABC7635B5}.Debug|Any CPU.Build.0 = Debug|Any CPU
		{AD032E0D-5DDA-479D-A73A-BC9ABC7635B5}.Release|Any CPU.ActiveCfg = Release|Any CPU
		{AD032E0D-5DDA-479D-A73A-BC9ABC7635B5}.Release|Any CPU.Build.0 = Release|Any CPU
		{ACE523B8-59FC-4277-9394-384D850C5596}.Debug|Any CPU.ActiveCfg = Debug|Any CPU
		{ACE523B8-59FC-4277-9394-384D850C5596}.Debug|Any CPU.Build.0 = Debug|Any CPU
		{ACE523B8-59FC-4277-9394-384D850C5596}.Release|Any CPU.ActiveCfg = Release|Any CPU
		{ACE523B8-59FC-4277-9394-384D850C5596}.Release|Any CPU.Build.0 = Release|Any CPU
		{4D672053-842E-4797-B16F-DE24420BE7F1}.Debug|Any CPU.ActiveCfg = Debug|Any CPU
		{4D672053-842E-4797-B16F-DE24420BE7F1}.Debug|Any CPU.Build.0 = Debug|Any CPU
		{4D672053-842E-4797-B16F-DE24420BE7F1}.Release|Any CPU.ActiveCfg = Release|Any CPU
		{4D672053-842E-4797-B16F-DE24420BE7F1}.Release|Any CPU.Build.0 = Release|Any CPU
		{C3009530-C1B4-4A6A-8160-DD201E0E2C24}.Debug|Any CPU.ActiveCfg = Debug|Any CPU
		{C3009530-C1B4-4A6A-8160-DD201E0E2C24}.Debug|Any CPU.Build.0 = Debug|Any CPU
		{C3009530-C1B4-4A6A-8160-DD201E0E2C24}.Release|Any CPU.ActiveCfg = Release|Any CPU
		{C3009530-C1B4-4A6A-8160-DD201E0E2C24}.Release|Any CPU.Build.0 = Release|Any CPU
		{92CA8886-52E1-4007-BF35-0BD1DA39BD01}.Debug|Any CPU.ActiveCfg = Debug|Any CPU
		{92CA8886-52E1-4007-BF35-0BD1DA39BD01}.Debug|Any CPU.Build.0 = Debug|Any CPU
		{92CA8886-52E1-4007-BF35-0BD1DA39BD01}.Release|Any CPU.ActiveCfg = Release|Any CPU
		{92CA8886-52E1-4007-BF35-0BD1DA39BD01}.Release|Any CPU.Build.0 = Release|Any CPU
		{39F0E3B7-75FF-414B-B202-4179464DC862}.Debug|Any CPU.ActiveCfg = Debug|Any CPU
		{39F0E3B7-75FF-414B-B202-4179464DC862}.Debug|Any CPU.Build.0 = Debug|Any CPU
		{39F0E3B7-75FF-414B-B202-4179464DC862}.Release|Any CPU.ActiveCfg = Release|Any CPU
		{39F0E3B7-75FF-414B-B202-4179464DC862}.Release|Any CPU.Build.0 = Release|Any CPU
		{E0BA9C04-18EA-4E03-B843-7502CA83D7C1}.Debug|Any CPU.ActiveCfg = Debug|Any CPU
		{E0BA9C04-18EA-4E03-B843-7502CA83D7C1}.Debug|Any CPU.Build.0 = Debug|Any CPU
		{E0BA9C04-18EA-4E03-B843-7502CA83D7C1}.Release|Any CPU.ActiveCfg = Release|Any CPU
		{E0BA9C04-18EA-4E03-B843-7502CA83D7C1}.Release|Any CPU.Build.0 = Release|Any CPU
		{6CACF1A2-4F6C-49FA-8194-36C77692AE35}.Debug|Any CPU.ActiveCfg = Debug|Any CPU
		{6CACF1A2-4F6C-49FA-8194-36C77692AE35}.Debug|Any CPU.Build.0 = Debug|Any CPU
		{6CACF1A2-4F6C-49FA-8194-36C77692AE35}.Release|Any CPU.ActiveCfg = Release|Any CPU
		{6CACF1A2-4F6C-49FA-8194-36C77692AE35}.Release|Any CPU.Build.0 = Release|Any CPU
		{3F739905-61CF-4BBF-BB27-D56EFD49951F}.Debug|Any CPU.ActiveCfg = Debug|Any CPU
		{3F739905-61CF-4BBF-BB27-D56EFD49951F}.Debug|Any CPU.Build.0 = Debug|Any CPU
		{3F739905-61CF-4BBF-BB27-D56EFD49951F}.Release|Any CPU.ActiveCfg = Release|Any CPU
		{3F739905-61CF-4BBF-BB27-D56EFD49951F}.Release|Any CPU.Build.0 = Release|Any CPU
		{4D03779B-349F-4697-B33A-F3B6D803B72B}.Debug|Any CPU.ActiveCfg = Debug|Any CPU
		{4D03779B-349F-4697-B33A-F3B6D803B72B}.Debug|Any CPU.Build.0 = Debug|Any CPU
		{4D03779B-349F-4697-B33A-F3B6D803B72B}.Release|Any CPU.ActiveCfg = Release|Any CPU
		{4D03779B-349F-4697-B33A-F3B6D803B72B}.Release|Any CPU.Build.0 = Release|Any CPU
		{E38DA52C-D23D-4EF0-80DF-1CE1427D31FB}.Debug|Any CPU.ActiveCfg = Debug|Any CPU
		{E38DA52C-D23D-4EF0-80DF-1CE1427D31FB}.Debug|Any CPU.Build.0 = Debug|Any CPU
		{E38DA52C-D23D-4EF0-80DF-1CE1427D31FB}.Release|Any CPU.ActiveCfg = Release|Any CPU
		{E38DA52C-D23D-4EF0-80DF-1CE1427D31FB}.Release|Any CPU.Build.0 = Release|Any CPU
		{2167A1D7-2E33-4C1E-8015-2CFAE5B2FCB6}.Debug|Any CPU.ActiveCfg = Debug|Any CPU
		{2167A1D7-2E33-4C1E-8015-2CFAE5B2FCB6}.Debug|Any CPU.Build.0 = Debug|Any CPU
		{2167A1D7-2E33-4C1E-8015-2CFAE5B2FCB6}.Release|Any CPU.ActiveCfg = Release|Any CPU
		{2167A1D7-2E33-4C1E-8015-2CFAE5B2FCB6}.Release|Any CPU.Build.0 = Release|Any CPU
		{12878653-C1FF-4AF0-A45A-B52C33F81F4D}.Debug|Any CPU.ActiveCfg = Debug|Any CPU
		{12878653-C1FF-4AF0-A45A-B52C33F81F4D}.Debug|Any CPU.Build.0 = Debug|Any CPU
		{12878653-C1FF-4AF0-A45A-B52C33F81F4D}.Release|Any CPU.ActiveCfg = Release|Any CPU
		{12878653-C1FF-4AF0-A45A-B52C33F81F4D}.Release|Any CPU.Build.0 = Release|Any CPU
		{1BB89CC7-6E31-441B-A8E0-50DC16C419B1}.Debug|Any CPU.ActiveCfg = Debug|Any CPU
		{1BB89CC7-6E31-441B-A8E0-50DC16C419B1}.Debug|Any CPU.Build.0 = Debug|Any CPU
		{1BB89CC7-6E31-441B-A8E0-50DC16C419B1}.Release|Any CPU.ActiveCfg = Release|Any CPU
		{1BB89CC7-6E31-441B-A8E0-50DC16C419B1}.Release|Any CPU.Build.0 = Release|Any CPU
		{F1B32C13-1854-409E-B4B7-063B8E4256A1}.Debug|Any CPU.ActiveCfg = Debug|Any CPU
		{F1B32C13-1854-409E-B4B7-063B8E4256A1}.Debug|Any CPU.Build.0 = Debug|Any CPU
		{F1B32C13-1854-409E-B4B7-063B8E4256A1}.Release|Any CPU.ActiveCfg = Release|Any CPU
		{F1B32C13-1854-409E-B4B7-063B8E4256A1}.Release|Any CPU.Build.0 = Release|Any CPU
		{D56B8238-7492-429B-9206-C6823A427368}.Debug|Any CPU.ActiveCfg = Debug|Any CPU
		{D56B8238-7492-429B-9206-C6823A427368}.Debug|Any CPU.Build.0 = Debug|Any CPU
		{D56B8238-7492-429B-9206-C6823A427368}.Release|Any CPU.ActiveCfg = Release|Any CPU
		{D56B8238-7492-429B-9206-C6823A427368}.Release|Any CPU.Build.0 = Release|Any CPU
		{FD8AE0E3-29E2-4303-B7E9-3A40A1ECD66A}.Debug|Any CPU.ActiveCfg = Debug|Any CPU
		{FD8AE0E3-29E2-4303-B7E9-3A40A1ECD66A}.Debug|Any CPU.Build.0 = Debug|Any CPU
		{FD8AE0E3-29E2-4303-B7E9-3A40A1ECD66A}.Release|Any CPU.ActiveCfg = Release|Any CPU
		{FD8AE0E3-29E2-4303-B7E9-3A40A1ECD66A}.Release|Any CPU.Build.0 = Release|Any CPU
		{FEB57EDE-0104-498B-99D5-9716DC8268C1}.Debug|Any CPU.ActiveCfg = Debug|Any CPU
		{FEB57EDE-0104-498B-99D5-9716DC8268C1}.Debug|Any CPU.Build.0 = Debug|Any CPU
		{FEB57EDE-0104-498B-99D5-9716DC8268C1}.Release|Any CPU.ActiveCfg = Release|Any CPU
		{FEB57EDE-0104-498B-99D5-9716DC8268C1}.Release|Any CPU.Build.0 = Release|Any CPU
		{FD474AC5-EC2A-4D62-9643-C9941CFDFA2D}.Debug|Any CPU.ActiveCfg = Debug|Any CPU
		{FD474AC5-EC2A-4D62-9643-C9941CFDFA2D}.Debug|Any CPU.Build.0 = Debug|Any CPU
		{FD474AC5-EC2A-4D62-9643-C9941CFDFA2D}.Release|Any CPU.ActiveCfg = Release|Any CPU
		{FD474AC5-EC2A-4D62-9643-C9941CFDFA2D}.Release|Any CPU.Build.0 = Release|Any CPU
	EndGlobalSection
	GlobalSection(SolutionProperties) = preSolution
		HideSolutionNode = FALSE
	EndGlobalSection
	GlobalSection(NestedProjects) = preSolution
		{FCAC6A08-6EE2-445F-8100-F9731237CA16} = {02EA681E-C7D8-13C7-8484-4AC65E1B71E8}
		{B23D9E66-6AB1-4CFE-B807-4D302557176A} = {02EA681E-C7D8-13C7-8484-4AC65E1B71E8}
		{96C49E99-B9D2-4E6D-A579-4A22A6DC731D} = {02EA681E-C7D8-13C7-8484-4AC65E1B71E8}
		{87E497A8-B27D-4ABC-AECF-14D77C7CE729} = {02EA681E-C7D8-13C7-8484-4AC65E1B71E8}
		{2583B251-6256-45DC-8642-62EFB318A4D8} = {02EA681E-C7D8-13C7-8484-4AC65E1B71E8}
		{777B5C39-6A30-4989-AB14-F9AD04D71654} = {02EA681E-C7D8-13C7-8484-4AC65E1B71E8}
		{D87FE359-C896-4487-A17F-13E7695F6345} = {02EA681E-C7D8-13C7-8484-4AC65E1B71E8}
		{F760D43E-C9FD-4ACD-A701-078872D0554D} = {02EA681E-C7D8-13C7-8484-4AC65E1B71E8}
		{0114E4C1-830A-4B73-B123-C2C9F5BDE83A} = {69963F3E-F396-4721-9AB1-D2322DC70C75}
		{3A79B4CF-19BA-490D-8613-4CE7B37569A8} = {0114E4C1-830A-4B73-B123-C2C9F5BDE83A}
		{04AFD444-C621-4152-92C8-C373D0795207} = {0114E4C1-830A-4B73-B123-C2C9F5BDE83A}
		{37E23247-4509-471E-A933-BB0D23496B82} = {0114E4C1-830A-4B73-B123-C2C9F5BDE83A}
		{9C5AA830-3B65-402D-A98F-503EB216109A} = {3EAC3AD8-4076-4667-8536-C022CBBAEE13}
		{AD032E0D-5DDA-479D-A73A-BC9ABC7635B5} = {3EAC3AD8-4076-4667-8536-C022CBBAEE13}
		{ACE523B8-59FC-4277-9394-384D850C5596} = {3EAC3AD8-4076-4667-8536-C022CBBAEE13}
		{4D672053-842E-4797-B16F-DE24420BE7F1} = {3EAC3AD8-4076-4667-8536-C022CBBAEE13}
		{C3009530-C1B4-4A6A-8160-DD201E0E2C24} = {3EAC3AD8-4076-4667-8536-C022CBBAEE13}
		{92CA8886-52E1-4007-BF35-0BD1DA39BD01} = {3EAC3AD8-4076-4667-8536-C022CBBAEE13}
		{39F0E3B7-75FF-414B-B202-4179464DC862} = {3EAC3AD8-4076-4667-8536-C022CBBAEE13}
		{E0BA9C04-18EA-4E03-B843-7502CA83D7C1} = {3EAC3AD8-4076-4667-8536-C022CBBAEE13}
		{6CACF1A2-4F6C-49FA-8194-36C77692AE35} = {3EAC3AD8-4076-4667-8536-C022CBBAEE13}
		{3F739905-61CF-4BBF-BB27-D56EFD49951F} = {3EAC3AD8-4076-4667-8536-C022CBBAEE13}
		{4D03779B-349F-4697-B33A-F3B6D803B72B} = {3EAC3AD8-4076-4667-8536-C022CBBAEE13}
		{E38DA52C-D23D-4EF0-80DF-1CE1427D31FB} = {3EAC3AD8-4076-4667-8536-C022CBBAEE13}
		{2167A1D7-2E33-4C1E-8015-2CFAE5B2FCB6} = {3EAC3AD8-4076-4667-8536-C022CBBAEE13}
		{12878653-C1FF-4AF0-A45A-B52C33F81F4D} = {3EAC3AD8-4076-4667-8536-C022CBBAEE13}
		{1BB89CC7-6E31-441B-A8E0-50DC16C419B1} = {3EAC3AD8-4076-4667-8536-C022CBBAEE13}
		{BEDEACB3-BD65-47F6-B50B-5CBD8A6AD7D6} = {69963F3E-F396-4721-9AB1-D2322DC70C75}
		{F1B32C13-1854-409E-B4B7-063B8E4256A1} = {BEDEACB3-BD65-47F6-B50B-5CBD8A6AD7D6}
		{D56B8238-7492-429B-9206-C6823A427368} = {BEDEACB3-BD65-47F6-B50B-5CBD8A6AD7D6}
		{FD8AE0E3-29E2-4303-B7E9-3A40A1ECD66A} = {BEDEACB3-BD65-47F6-B50B-5CBD8A6AD7D6}
		{FEB57EDE-0104-498B-99D5-9716DC8268C1} = {BEDEACB3-BD65-47F6-B50B-5CBD8A6AD7D6}
		{FD474AC5-EC2A-4D62-9643-C9941CFDFA2D} = {BEDEACB3-BD65-47F6-B50B-5CBD8A6AD7D6}
	EndGlobalSection
	GlobalSection(ExtensibilityGlobals) = postSolution
		SolutionGuid = {FDEDEF4E-7A02-4CD9-87CF-3D534E69CF6F}
	EndGlobalSection
EndGlobal
