
Microsoft Visual Studio Solution File, Format Version 12.00
# Visual Studio Version 17
VisualStudioVersion = 17.14.36203.30
MinimumVisualStudioVersion = 10.0.40219.1
Project("{FAE04EC0-301F-11D3-BF4B-00C04F79EFBC}") = "ConsoleApp1", "ConsoleApp1\ConsoleApp1.csproj", "{FCAC6A08-6EE2-445F-8100-F9731237CA16}"
EndProject
Project("{2150E333-8FDC-42A3-9474-1A3956D46DE8}") = "June 16", "June 16", "{02EA681E-C7D8-13C7-8484-4AC65E1B71E8}"
EndProject
Project("{FAE04EC0-301F-11D3-BF4B-00C04F79EFBC}") = "memory variable 2", "memory variable 2\memory variable 2.csproj", "{B23D9E66-6AB1-4CFE-B807-4D302557176A}"
EndProject
Project("{FAE04EC0-301F-11D3-BF4B-00C04F79EFBC}") = "IntegerVariableMemory", "IntegerVariableMemory\IntegerVariableMemory.csproj", "{96C49E99-B9D2-4E6D-A579-4A22A6DC731D}"
EndProject
Project("{FAE04EC0-301F-11D3-BF4B-00C04F79EFBC}") = "DoubleVariableMemory", "DoubleVariableMemory\DoubleVariableMemory.csproj", "{87E497A8-B27D-4ABC-AECF-14D77C7CE729}"
EndProject
Project("{FAE04EC0-301F-11D3-BF4B-00C04F79EFBC}") = "DateVariable", "DateVariable\DateVariable.csproj", "{2583B251-6256-45DC-8642-62EFB318A4D8}"
EndProject
Project("{FAE04EC0-301F-11D3-BF4B-00C04F79EFBC}") = "BooleanDataType", "BooleanDataType\BooleanDataType.csproj", "{777B5C39-6A30-4989-AB14-F9AD04D71654}"
EndProject
Project("{FAE04EC0-301F-11D3-BF4B-00C04F79EFBC}") = "SimpleCalculator", "SimpleCalculator\SimpleCalculator.csproj", "{D87FE359-C896-4487-A17F-13E7695F6345}"
EndProject
Project("{FAE04EC0-301F-11D3-BF4B-00C04F79EFBC}") = "SimpleCalculatorIfElse", "SimpleCalculator2\SimpleCalculatorIfElse.csproj", "{F760D43E-C9FD-4ACD-A701-078872D0554D}"
EndProject
Project("{2150E333-8FDC-42A3-9474-1A3956D46DE8}") = "ASSIGNMENTS", "ASSIGNMENTS", "{69963F3E-F396-4721-9AB1-D2322DC70C75}"
EndProject
Project("{2150E333-8FDC-42A3-9474-1A3956D46DE8}") = "June 16", "June 16", "{0114E4C1-830A-4B73-B123-C2C9F5BDE83A}"
EndProject
Global
	GlobalSection(SolutionConfigurationPlatforms) = preSolution
		Debug|Any CPU = Debug|Any CPU
		Release|Any CPU = Release|Any CPU
	EndGlobalSection
	GlobalSection(ProjectConfigurationPlatforms) = postSolution
		{FCAC6A08-6EE2-445F-8100-F9731237CA16}.Debug|Any CPU.ActiveCfg = Debug|Any CPU
		{FCAC6A08-6EE2-445F-8100-F9731237CA16}.Debug|Any CPU.Build.0 = Debug|Any CPU
		{FCAC6A08-6EE2-445F-8100-F9731237CA16}.Release|Any CPU.ActiveCfg = Release|Any CPU
		{FCAC6A08-6EE2-445F-8100-F9731237CA16}.Release|Any CPU.Build.0 = Release|Any CPU
		{B23D9E66-6AB1-4CFE-B807-4D302557176A}.Debug|Any CPU.ActiveCfg = Debug|Any CPU
		{B23D9E66-6AB1-4CFE-B807-4D302557176A}.Debug|Any CPU.Build.0 = Debug|Any CPU
		{B23D9E66-6AB1-4CFE-B807-4D302557176A}.Release|Any CPU.ActiveCfg = Release|Any CPU
		{B23D9E66-6AB1-4CFE-B807-4D302557176A}.Release|Any CPU.Build.0 = Release|Any CPU
		{96C49E99-B9D2-4E6D-A579-4A22A6DC731D}.Debug|Any CPU.ActiveCfg = Debug|Any CPU
		{96C49E99-B9D2-4E6D-A579-4A22A6DC731D}.Debug|Any CPU.Build.0 = Debug|Any CPU
		{96C49E99-B9D2-4E6D-A579-4A22A6DC731D}.Release|Any CPU.ActiveCfg = Release|Any CPU
		{96C49E99-B9D2-4E6D-A579-4A22A6DC731D}.Release|Any CPU.Build.0 = Release|Any CPU
		{87E497A8-B27D-4ABC-AECF-14D77C7CE729}.Debug|Any CPU.ActiveCfg = Debug|Any CPU
		{87E497A8-B27D-4ABC-AECF-14D77C7CE729}.Debug|Any CPU.Build.0 = Debug|Any CPU
		{87E497A8-B27D-4ABC-AECF-14D77C7CE729}.Release|Any CPU.ActiveCfg = Release|Any CPU
		{87E497A8-B27D-4ABC-AECF-14D77C7CE729}.Release|Any CPU.Build.0 = Release|Any CPU
		{2583B251-6256-45DC-8642-62EFB318A4D8}.Debug|Any CPU.ActiveCfg = Debug|Any CPU
		{2583B251-6256-45DC-8642-62EFB318A4D8}.Debug|Any CPU.Build.0 = Debug|Any CPU
		{2583B251-6256-45DC-8642-62EFB318A4D8}.Release|Any CPU.ActiveCfg = Release|Any CPU
		{2583B251-6256-45DC-8642-62EFB318A4D8}.Release|Any CPU.Build.0 = Release|Any CPU
		{777B5C39-6A30-4989-AB14-F9AD04D71654}.Debug|Any CPU.ActiveCfg = Debug|Any CPU
		{777B5C39-6A30-4989-AB14-F9AD04D71654}.Debug|Any CPU.Build.0 = Debug|Any CPU
		{777B5C39-6A30-4989-AB14-F9AD04D71654}.Release|Any CPU.ActiveCfg = Release|Any CPU
		{777B5C39-6A30-4989-AB14-F9AD04D71654}.Release|Any CPU.Build.0 = Release|Any CPU
		{D87FE359-C896-4487-A17F-13E7695F6345}.Debug|Any CPU.ActiveCfg = Debug|Any CPU
		{D87FE359-C896-4487-A17F-13E7695F6345}.Debug|Any CPU.Build.0 = Debug|Any CPU
		{D87FE359-C896-4487-A17F-13E7695F6345}.Release|Any CPU.ActiveCfg = Release|Any CPU
		{D87FE359-C896-4487-A17F-13E7695F6345}.Release|Any CPU.Build.0 = Release|Any CPU
		{F760D43E-C9FD-4ACD-A701-078872D0554D}.Debug|Any CPU.ActiveCfg = Debug|Any CPU
		{F760D43E-C9FD-4ACD-A701-078872D0554D}.Debug|Any CPU.Build.0 = Debug|Any CPU
		{F760D43E-C9FD-4ACD-A701-078872D0554D}.Release|Any CPU.ActiveCfg = Release|Any CPU
		{F760D43E-C9FD-4ACD-A701-078872D0554D}.Release|Any CPU.Build.0 = Release|Any CPU
	EndGlobalSection
	GlobalSection(SolutionProperties) = preSolution
		HideSolutionNode = FALSE
	EndGlobalSection
	GlobalSection(NestedProjects) = preSolution
		{FCAC6A08-6EE2-445F-8100-F9731237CA16} = {02EA681E-C7D8-13C7-8484-4AC65E1B71E8}
		{B23D9E66-6AB1-4CFE-B807-4D302557176A} = {02EA681E-C7D8-13C7-8484-4AC65E1B71E8}
		{96C49E99-B9D2-4E6D-A579-4A22A6DC731D} = {02EA681E-C7D8-13C7-8484-4AC65E1B71E8}
		{87E497A8-B27D-4ABC-AECF-14D77C7CE729} = {02EA681E-C7D8-13C7-8484-4AC65E1B71E8}
		{2583B251-6256-45DC-8642-62EFB318A4D8} = {02EA681E-C7D8-13C7-8484-4AC65E1B71E8}
		{777B5C39-6A30-4989-AB14-F9AD04D71654} = {02EA681E-C7D8-13C7-8484-4AC65E1B71E8}
		{D87FE359-C896-4487-A17F-13E7695F6345} = {02EA681E-C7D8-13C7-8484-4AC65E1B71E8}
		{F760D43E-C9FD-4ACD-A701-078872D0554D} = {02EA681E-C7D8-13C7-8484-4AC65E1B71E8}
		{0114E4C1-830A-4B73-B123-C2C9F5BDE83A} = {69963F3E-F396-4721-9AB1-D2322DC70C75}
	EndGlobalSection
	GlobalSection(ExtensibilityGlobals) = postSolution
		SolutionGuid = {FDEDEF4E-7A02-4CD9-87CF-3D534E69CF6F}
	EndGlobalSection
EndGlobal
